
Microsoft Visual Studio Solution File, Format Version 12.00
# Visual Studio 15
VisualStudioVersion = 15.0.28010.2050
MinimumVisualStudioVersion = 10.0.40219.1
Project("{FAE04EC0-301F-11D3-BF4B-00C04F79EFBC}") = "WPF1", "WPF1\WPF1.csproj", "{9EF31860-F28E-42EE-A70B-79F9A46D39BF}"
EndProject
Global
	GlobalSection(SolutionConfigurationPlatforms) = preSolution
		Debug|Any CPU = Debug|Any CPU
		Release|Any CPU = Release|Any CPU
	EndGlobalSection
	GlobalSection(ProjectConfigurationPlatforms) = postSolution
		{9EF31860-F28E-42EE-A70B-79F9A46D39BF}.Debug|Any CPU.ActiveCfg = Debug|Any CPU
		{9EF31860-F28E-42EE-A70B-79F9A46D39BF}.Debug|Any CPU.Build.0 = Debug|Any CPU
		{9EF31860-F28E-42EE-A70B-79F9A46D39BF}.Release|Any CPU.ActiveCfg = Release|Any CPU
		{9EF31860-F28E-42EE-A70B-79F9A46D39BF}.Release|Any CPU.Build.0 = Release|Any CPU
	EndGlobalSection
	GlobalSection(SolutionProperties) = preSolution
		HideSolutionNode = FALSE
	EndGlobalSection
	GlobalSection(ExtensibilityGlobals) = postSolution
		SolutionGuid = {0AD249EB-08BE-45DD-8D60-B6D47879E3DA}
	EndGlobalSection
EndGlobal
